
Microsoft Visual Studio Solution File, Format Version 12.00
# Visual Studio 15
VisualStudioVersion = 15.0.28307.106
MinimumVisualStudioVersion = 10.0.40219.1
Project("{FAE04EC0-301F-11D3-BF4B-00C04F79EFBC}") = "Billing System", "Billing System\Billing System.csproj", "{EEB6C12A-7A60-4910-8D92-0FF0E3A17D9A}"
EndProject
Global
	GlobalSection(SolutionConfigurationPlatforms) = preSolution
		Debug|Any CPU = Debug|Any CPU
		Release|Any CPU = Release|Any CPU
	EndGlobalSection
	GlobalSection(ProjectConfigurationPlatforms) = postSolution
		{EEB6C12A-7A60-4910-8D92-0FF0E3A17D9A}.Debug|Any CPU.ActiveCfg = Debug|Any CPU
		{EEB6C12A-7A60-4910-8D92-0FF0E3A17D9A}.Debug|Any CPU.Build.0 = Debug|Any CPU
		{EEB6C12A-7A60-4910-8D92-0FF0E3A17D9A}.Release|Any CPU.ActiveCfg = Release|Any CPU
		{EEB6C12A-7A60-4910-8D92-0FF0E3A17D9A}.Release|Any CPU.Build.0 = Release|Any CPU
	EndGlobalSection
	GlobalSection(SolutionProperties) = preSolution
		HideSolutionNode = FALSE
	EndGlobalSection
	GlobalSection(ExtensibilityGlobals) = postSolution
		SolutionGuid = {54762DA9-C08A-490A-A3DB-FCE58CF38745}
	EndGlobalSection
EndGlobal
